# This file is automatically @generated by Cargo.
# It is not intended for manual editing.
version = 3

[[package]]
name = "aho-corasick"
version = "1.1.1"
source = "registry+https://github.com/rust-lang/crates.io-index"
checksum = "ea5d730647d4fadd988536d06fecce94b7b4f2a7efdae548f1cf4b63205518ab"
dependencies = [
 "memchr",
]

[[package]]
name = "lazy-regex"
version = "3.0.2"
source = "registry+https://github.com/rust-lang/crates.io-index"
checksum = "e723bd417b2df60a0f6a2b6825f297ea04b245d4ba52b5a22cb679bdf58b05fa"
dependencies = [
 "lazy-regex-proc_macros",
 "once_cell",
 "regex",
]

[[package]]
name = "lazy-regex-proc_macros"
version = "3.0.1"
source = "registry+https://github.com/rust-lang/crates.io-index"
checksum = "0f0a1d9139f0ee2e862e08a9c5d0ba0470f2aa21cd1e1aa1b1562f83116c725f"
dependencies = [
 "proc-macro2",
 "quote",
 "regex",
 "syn",
]

[[package]]
name = "memchr"
version = "2.6.4"
source = "registry+https://github.com/rust-lang/crates.io-index"
checksum = "f665ee40bc4a3c5590afb1e9677db74a508659dfd71e126420da8274909a0167"

[[package]]
name = "once_cell"
version = "1.18.0"
source = "registry+https://github.com/rust-lang/crates.io-index"
checksum = "dd8b5dd2ae5ed71462c540258bedcb51965123ad7e7ccf4b9a8cafaa4a63576d"

[[package]]
name = "proc-macro2"
version = "1.0.68"
source = "registry+https://github.com/rust-lang/crates.io-index"
checksum = "5b1106fec09662ec6dd98ccac0f81cef56984d0b49f75c92d8cbad76e20c005c"
dependencies = [
 "unicode-ident",
]

[[package]]
name = "quote"
version = "1.0.33"
source = "registry+https://github.com/rust-lang/crates.io-index"
checksum = "5267fca4496028628a95160fc423a33e8b2e6af8a5302579e322e4b520293cae"
dependencies = [
 "proc-macro2",
]

[[package]]
name = "regex"
version = "1.9.6"
source = "registry+https://github.com/rust-lang/crates.io-index"
checksum = "ebee201405406dbf528b8b672104ae6d6d63e6d118cb10e4d51abbc7b58044ff"
dependencies = [
 "aho-corasick",
 "memchr",
 "regex-automata",
 "regex-syntax",
]

[[package]]
name = "regex-automata"
version = "0.3.9"
source = "registry+https://github.com/rust-lang/crates.io-index"
checksum = "59b23e92ee4318893fa3fe3e6fb365258efbfe6ac6ab30f090cdcbb7aa37efa9"
dependencies = [
 "aho-corasick",
 "memchr",
 "regex-syntax",
]

[[package]]
name = "regex-syntax"
version = "0.7.5"
source = "registry+https://github.com/rust-lang/crates.io-index"
checksum = "dbb5fb1acd8a1a18b3dd5be62d25485eb770e05afb408a9627d14d451bae12da"

[[package]]
name = "syn"
version = "2.0.38"
source = "registry+https://github.com/rust-lang/crates.io-index"
checksum = "e96b79aaa137db8f61e26363a0c9b47d8b4ec75da28b7d1d614c2303e232408b"
dependencies = [
 "proc-macro2",
 "quote",
 "unicode-ident",
]

[[package]]
name = "unicode-ident"
version = "1.0.12"
source = "registry+https://github.com/rust-lang/crates.io-index"
checksum = "3354b9ac3fae1ff6755cb6db53683adb661634f67557942dea4facebec0fee4b"

[[package]]
name = "var_utils"
version = "0.4.0"
dependencies = [
 "lazy-regex",
]
